Microsoft Visual Studio Solution File, Format Version 11.00
# Visual Studio 2010
Project("{EE58FA6F-C541-760A-679F-D4028B278BC2}") = "pMix", "pMix.vcxproj", "{842A6333-2213-DE52-396A-32D4B528A91E}"
EndProject
Global
	GlobalSection(SolutionConfigurationPlatforms) = preSolution
		Debug|Win32 = Debug|Win32
		Release|Win32 = Release|Win32
	EndGlobalSection
	GlobalSection(ProjectConfigurationPlatforms) = postSolution
		{842A6333-2213-DE52-396A-32D4B528A91E}.Debug|Win32.ActiveCfg = Debug|Win32
		{842A6333-2213-DE52-396A-32D4B528A91E}.Debug|Win32.Build.0 = Debug|Win32
		{842A6333-2213-DE52-396A-32D4B528A91E}.Release|Win32.ActiveCfg = Release|Win32
		{842A6333-2213-DE52-396A-32D4B528A91E}.Release|Win32.Build.0 = Release|Win32
	EndGlobalSection
	GlobalSection(SolutionProperties) = preSolution
		HideSolutionNode = FALSE
	EndGlobalSection
EndGlobal
